{
  "name": "fssc-dd-wx",
  "version": "1.0.0",
  "lockfileVersion": 1,
  "requires": true,
  "dependencies": {
    "@types/wechat-miniprogram": {
      "version": "3.2.0",
      "resolved": "https://registry.npmjs.org/@types/wechat-miniprogram/-/wechat-miniprogram-3.2.0.tgz",
      "integrity": "sha512-9Wrjz8cOn/woj/T8uUlNQTuxTj1StwFvVB54ITCPKSRpYbClmc7yiOupH68JKh1t5R3pkmf5v1adwalzc4PMIg=="
    },
    "camelcase-css": {
      "version": "2.0.1",
      "resolved": "https://registry.npmjs.org/camelcase-css/-/camelcase-css-2.0.1.tgz",
      "integrity": "sha512-QOSvevhslijgYwRx6Rv7zKdMF8lbRmx+uQGx2+vDc+KI/eBnsy9kit5aj23AgGu3pa4t9AgwbnXWqS+iOY+2aA=="
    },
    "colorette": {
      "version": "1.2.1",
      "resolved": "https://registry.npmjs.org/colorette/-/colorette-1.2.1.tgz",
      "integrity": "sha512-puCDz0CzydiSYOrnXpz/PKd69zRrribezjtE9yd4zvytoRc8+RY/KJPvtPFKZS3E3wP6neGyMe0vOTlHO5L3Pw=="
    },
    "dayjs": {
      "version": "1.10.4",
      "resolved": "https://registry.npmjs.org/dayjs/-/dayjs-1.10.4.tgz",
      "integrity": "sha512-RI/Hh4kqRc1UKLOAf/T5zdMMX5DQIlDxwUe3wSyMMnEbGunnpENCdbUgM+dW7kXidZqCttBrmw7BhN4TMddkCw=="
    },
    "fast-deep-equal": {
      "version": "2.0.1",
      "resolved": "https://registry.npmjs.org/fast-deep-equal/-/fast-deep-equal-2.0.1.tgz",
      "integrity": "sha1-ewUhjd+WZ79/Nwv3/bLLFf3Qqkk="
    },
    "miniprogram-computed": {
      "version": "4.0.1",
      "resolved": "https://registry.npmjs.org/miniprogram-computed/-/miniprogram-computed-4.0.1.tgz",
      "integrity": "sha512-w2+T81zL+MQhF7qEP9L2EuDDYqiXvQfD2+ZD3ITVsMVze2OY60aVJzEOyb7C46YHu4Wngyxi+u9A+zZabUfoCw==",
      "requires": {
        "@types/wechat-miniprogram": "^3.0.0",
        "fast-deep-equal": "^2.0.1",
        "rfdc": "^1.1.4"
      }
    },
    "nanoid": {
      "version": "3.1.20",
      "resolved": "https://registry.npmjs.org/nanoid/-/nanoid-3.1.20.tgz",
      "integrity": "sha512-a1cQNyczgKbLX9jwbS/+d7W8fX/RfgYR7lVWwWOGIPNgK2m0MWvrGF6/m4kk6U3QcFMnZf3RIhL0v2Jgh/0Uxw=="
    },
    "postcss": {
      "version": "8.2.4",
      "resolved": "https://registry.npmjs.org/postcss/-/postcss-8.2.4.tgz",
      "integrity": "sha512-kRFftRoExRVXZlwUuay9iC824qmXPcQQVzAjbCCgjpXnkdMCJYBu2gTwAaFBzv8ewND6O8xFb3aELmEkh9zTzg==",
      "requires": {
        "colorette": "^1.2.1",
        "nanoid": "^3.1.20",
        "source-map": "^0.6.1"
      }
    },
    "postcss-autoreset": {
      "version": "3.0.3",
      "resolved": "https://registry.npmjs.org/postcss-autoreset/-/postcss-autoreset-3.0.3.tgz",
      "integrity": "sha512-6qyiolewuiZqO2zmjAnxL8Hthv91CgL/uMPAKSx8pkGoUtZPRU2v0ZJmUI9rIK+XZrQWs7b570NW90j5+gzNNQ==",
      "requires": {
        "postcss-js": "^3.0.1"
      }
    },
    "postcss-js": {
      "version": "3.0.3",
      "resolved": "https://registry.npmjs.org/postcss-js/-/postcss-js-3.0.3.tgz",
      "integrity": "sha512-gWnoWQXKFw65Hk/mi2+WTQTHdPD5UJdDXZmX073EY/B3BWnYjO4F4t0VneTCnCGQ5E5GsCdMkzPaTXwl3r5dJw==",
      "requires": {
        "camelcase-css": "^2.0.1",
        "postcss": "^8.1.6"
      }
    },
    "rfdc": {
      "version": "1.2.0",
      "resolved": "https://registry.npmjs.org/rfdc/-/rfdc-1.2.0.tgz",
      "integrity": "sha512-ijLyszTMmUrXvjSooucVQwimGUk84eRcmCuLV8Xghe3UO85mjUtRAHRyoMM6XtyqbECaXuBWx18La3523sXINA=="
    },
    "source-map": {
      "version": "0.6.1",
      "resolved": "https://registry.npmjs.org/source-map/-/source-map-0.6.1.tgz",
      "integrity": "sha512-UjgapumWlbMhkBgzT7Ykc5YXUT46F0iKu8SGXq0bcwP5dz/h0Plj6enJqjz1Zbq2l5WaqYnrVbwWOWMyF3F47g=="
    }
  }
}
